<Solution>
  <Folder Name="/application/">
    <Project Path="application/Store.Web.App/Store.Web.App.csproj" Id="afeac542-e81d-4797-ba49-d8b2883b4cad" />
  </Folder>
  <Folder Name="/domain/">
    <Project Path="domain/Store/Store.csproj" />
    <Project Path="Store.Test/Store.Tests.csproj" Id="3c8654fc-d270-42c8-98b7-37e15d8f9739" />
  </Folder>
  <Folder Name="/Infastructure/">
    <Project Path="Infastructure/Store.Memory/Store.Memory.csproj" Id="215d7cd5-a4a0-45a8-a270-219a640db49f" />
  </Folder>
  <Folder Name="/plugins/">
    <Project Path="plugins/YandexKassa/YandexKassa.csproj" Id="f994ad45-413c-4265-9ac8-6537200f6094" />
  </Folder>
  <Folder Name="/presentation/">
    <Project Path="Store.Web.Contractors/Store.Web.Contractors.csproj" Id="3178b913-843e-4d29-940d-1b4f47b66847" />
    <Project Path="Store.Web/Store.Web.csproj" Id="c22df353-a10a-483e-9168-76cbc3c0e994" />
  </Folder>
</Solution>
